// !$*UTF8*$!
{
	archiveVersion = 1;
	classes = {
	};
	objectVersion = 50;
	objects = {

/* Begin PBXBuildFile section */
		05044BCA28B507EB009C8C0F /* OTALauchScreen.storyboard in Resources */ = {isa = PBXBuildFile; fileRef = 05044BC928B507EB009C8C0F /* OTALauchScreen.storyboard */; };
		058557BB273AAA24004C7B11 /* Assets.xcassets in Resources */ = {isa = PBXBuildFile; fileRef = 058557BA273AAA24004C7B11 /* Assets.xcassets */; };
		058557D9273AAEEB004C7B11 /* Preview Assets.xcassets in Resources */ = {isa = PBXBuildFile; fileRef = 058557D8273AAEEB004C7B11 /* Preview Assets.xcassets */; };
		05D24AE928C489170097A7C2 /* SignContractPage.swift in Sources */ = {isa = PBXBuildFile; fileRef = 05D24AE828C489170097A7C2 /* SignContractPage.swift */; };
		05D24AEB28C489380097A7C2 /* ContractInit.swift in Sources */ = {isa = PBXBuildFile; fileRef = 05D24AEA28C489380097A7C2 /* ContractInit.swift */; };
		05D24AED28C489640097A7C2 /* Dashboard.swift in Sources */ = {isa = PBXBuildFile; fileRef = 05D24AEC28C489640097A7C2 /* Dashboard.swift */; };
		2152FB042600AC8F00CF470E /* iOSApp.swift in Sources */ = {isa = PBXBuildFile; fileRef = 2152FB032600AC8F00CF470E /* iOSApp.swift */; };
		2B3B10A728B3BD1F003E24DE /* SignUpPage.swift in Sources */ = {isa = PBXBuildFile; fileRef = 2B3B10A628B3BD1F003E24DE /* SignUpPage.swift */; };
		2B3B10AB28B7956A003E24DE /* DatePickerTextField.swift in Sources */ = {isa = PBXBuildFile; fileRef = 2B3B10AA28B7956A003E24DE /* DatePickerTextField.swift */; };
		3759E52B28B39C50000E0419 /* ChildLoginPage.swift in Sources */ = {isa = PBXBuildFile; fileRef = 3759E52A28B39C50000E0419 /* ChildLoginPage.swift */; };
		3759E52D28B39C8F000E0419 /* StartPage.swift in Sources */ = {isa = PBXBuildFile; fileRef = 3759E52C28B39C8F000E0419 /* StartPage.swift */; };
		3759E52F28B39CC6000E0419 /* ParentLoginPage.swift in Sources */ = {isa = PBXBuildFile; fileRef = 3759E52E28B39CC6000E0419 /* ParentLoginPage.swift */; };
		37FD897C28C3C1A700B5ABFE /* ChildProfilePage.swift in Sources */ = {isa = PBXBuildFile; fileRef = 37FD897B28C3C1A700B5ABFE /* ChildProfilePage.swift */; };
		37FD897E28C3C22E00B5ABFE /* PopUpWindowModifier.swift in Sources */ = {isa = PBXBuildFile; fileRef = 37FD897D28C3C22E00B5ABFE /* PopUpWindowModifier.swift */; };
		37FD898028C3C27F00B5ABFE /* AssignChorePopUpWindow.swift in Sources */ = {isa = PBXBuildFile; fileRef = 37FD897F28C3C27F00B5ABFE /* AssignChorePopUpWindow.swift */; };
		37FD898228C3C4A100B5ABFE /* RandomItem.swift in Sources */ = {isa = PBXBuildFile; fileRef = 37FD898128C3C4A100B5ABFE /* RandomItem.swift */; };
		37FD898A28C45EC000B5ABFE /* ParentLoginUITest.swift in Sources */ = {isa = PBXBuildFile; fileRef = 37FD898928C45EC000B5ABFE /* ParentLoginUITest.swift */; };
		37FD898C28C45EC000B5ABFE /* ParentLoginUITestLaunchTests.swift in Sources */ = {isa = PBXBuildFile; fileRef = 37FD898B28C45EC000B5ABFE /* ParentLoginUITestLaunchTests.swift */; };
/* End PBXBuildFile section */

/* Begin PBXContainerItemProxy section */
		37FD898D28C45EC000B5ABFE /* PBXContainerItemProxy */ = {
			isa = PBXContainerItemProxy;
			containerPortal = 7555FF73242A565900829871 /* Project object */;
			proxyType = 1;
			remoteGlobalIDString = 7555FF7A242A565900829871;
			remoteInfo = iosApp;
		};
/* End PBXContainerItemProxy section */

/* Begin PBXCopyFilesBuildPhase section */
		7555FFB4242A642300829871 /* Embed Frameworks */ = {
			isa = PBXCopyFilesBuildPhase;
			buildActionMask = 2147483647;
			dstPath = "";
			dstSubfolderSpec = 10;
			files = (
			);
			name = "Embed Frameworks";
			runOnlyForDeploymentPostprocessing = 0;
		};
/* End PBXCopyFilesBuildPhase section */

/* Begin PBXFileReference section */
		05044BC928B507EB009C8C0F /* OTALauchScreen.storyboard */ = {isa = PBXFileReference; lastKnownFileType = file.storyboard; path = OTALauchScreen.storyboard; sourceTree = "<group>"; };
		058557BA273AAA24004C7B11 /* Assets.xcassets */ = {isa = PBXFileReference; lastKnownFileType = folder.assetcatalog; path = Assets.xcassets; sourceTree = "<group>"; };
		058557D8273AAEEB004C7B11 /* Preview Assets.xcassets */ = {isa = PBXFileReference; lastKnownFileType = folder.assetcatalog; path = "Preview Assets.xcassets"; sourceTree = "<group>"; };
		05D24AE828C489170097A7C2 /* SignContractPage.swift */ = {isa = PBXFileReference; lastKnownFileType = sourcecode.swift; path = SignContractPage.swift; sourceTree = "<group>"; };
		05D24AEA28C489380097A7C2 /* ContractInit.swift */ = {isa = PBXFileReference; lastKnownFileType = sourcecode.swift; path = ContractInit.swift; sourceTree = "<group>"; };
		05D24AEC28C489640097A7C2 /* Dashboard.swift */ = {isa = PBXFileReference; lastKnownFileType = sourcecode.swift; path = Dashboard.swift; sourceTree = "<group>"; };
		2152FB032600AC8F00CF470E /* iOSApp.swift */ = {isa = PBXFileReference; lastKnownFileType = sourcecode.swift; path = iOSApp.swift; sourceTree = "<group>"; };
		2B3B10A628B3BD1F003E24DE /* SignUpPage.swift */ = {isa = PBXFileReference; lastKnownFileType = sourcecode.swift; path = SignUpPage.swift; sourceTree = "<group>"; };
		2B3B10AA28B7956A003E24DE /* DatePickerTextField.swift */ = {isa = PBXFileReference; lastKnownFileType = sourcecode.swift; path = DatePickerTextField.swift; sourceTree = "<group>"; };
		3759E52A28B39C50000E0419 /* ChildLoginPage.swift */ = {isa = PBXFileReference; lastKnownFileType = sourcecode.swift; path = ChildLoginPage.swift; sourceTree = "<group>"; };
		3759E52C28B39C8F000E0419 /* StartPage.swift */ = {isa = PBXFileReference; lastKnownFileType = sourcecode.swift; path = StartPage.swift; sourceTree = "<group>"; };
		3759E52E28B39CC6000E0419 /* ParentLoginPage.swift */ = {isa = PBXFileReference; lastKnownFileType = sourcecode.swift; path = ParentLoginPage.swift; sourceTree = "<group>"; };
		37FD897B28C3C1A700B5ABFE /* ChildProfilePage.swift */ = {isa = PBXFileReference; lastKnownFileType = sourcecode.swift; path = ChildProfilePage.swift; sourceTree = "<group>"; };
		37FD897D28C3C22E00B5ABFE /* PopUpWindowModifier.swift */ = {isa = PBXFileReference; lastKnownFileType = sourcecode.swift; path = PopUpWindowModifier.swift; sourceTree = "<group>"; };
		37FD897F28C3C27F00B5ABFE /* AssignChorePopUpWindow.swift */ = {isa = PBXFileReference; lastKnownFileType = sourcecode.swift; path = AssignChorePopUpWindow.swift; sourceTree = "<group>"; };
		37FD898128C3C4A100B5ABFE /* RandomItem.swift */ = {isa = PBXFileReference; lastKnownFileType = sourcecode.swift; path = RandomItem.swift; sourceTree = "<group>"; };
		37FD898728C45EC000B5ABFE /* ParentLoginUITest.xctest */ = {isa = PBXFileReference; explicitFileType = wrapper.cfbundle; includeInIndex = 0; path = ParentLoginUITest.xctest; sourceTree = BUILT_PRODUCTS_DIR; };
		37FD898928C45EC000B5ABFE /* ParentLoginUITest.swift */ = {isa = PBXFileReference; lastKnownFileType = sourcecode.swift; path = ParentLoginUITest.swift; sourceTree = "<group>"; };
		37FD898B28C45EC000B5ABFE /* ParentLoginUITestLaunchTests.swift */ = {isa = PBXFileReference; lastKnownFileType = sourcecode.swift; path = ParentLoginUITestLaunchTests.swift; sourceTree = "<group>"; };
		7555FF7B242A565900829871 /* iosApp.app */ = {isa = PBXFileReference; explicitFileType = wrapper.application; includeInIndex = 0; path = iosApp.app; sourceTree = BUILT_PRODUCTS_DIR; };
		7555FF8C242A565B00829871 /* Info.plist */ = {isa = PBXFileReference; lastKnownFileType = text.plist.xml; path = Info.plist; sourceTree = "<group>"; };
/* End PBXFileReference section */

/* Begin PBXFrameworksBuildPhase section */
		37FD898428C45EC000B5ABFE /* Frameworks */ = {
			isa = PBXFrameworksBuildPhase;
			buildActionMask = 2147483647;
			files = (
			);
			runOnlyForDeploymentPostprocessing = 0;
		};
		7555FF78242A565900829871 /* Frameworks */ = {
			isa = PBXFrameworksBuildPhase;
			buildActionMask = 2147483647;
			files = (
			);
			runOnlyForDeploymentPostprocessing = 0;
		};
/* End PBXFrameworksBuildPhase section */

/* Begin PBXGroup section */
		058557D7273AAEEB004C7B11 /* Preview Content */ = {
			isa = PBXGroup;
			children = (
				058557D8273AAEEB004C7B11 /* Preview Assets.xcassets */,
			);
			path = "Preview Content";
			sourceTree = "<group>";
		};
		37FD898828C45EC000B5ABFE /* ParentLoginUITest */ = {
			isa = PBXGroup;
			children = (
				37FD898928C45EC000B5ABFE /* ParentLoginUITest.swift */,
				37FD898B28C45EC000B5ABFE /* ParentLoginUITestLaunchTests.swift */,
			);
			path = ParentLoginUITest;
			sourceTree = "<group>";
		};
		7555FF72242A565900829871 = {
			isa = PBXGroup;
			children = (
				2B3B10AA28B7956A003E24DE /* DatePickerTextField.swift */,
				05044BC928B507EB009C8C0F /* OTALauchScreen.storyboard */,
				7555FF7D242A565900829871 /* iosApp */,
				37FD898828C45EC000B5ABFE /* ParentLoginUITest */,
				7555FF7C242A565900829871 /* Products */,
				7555FFB0242A642200829871 /* Frameworks */,
			);
			sourceTree = "<group>";
		};
		7555FF7C242A565900829871 /* Products */ = {
			isa = PBXGroup;
			children = (
				7555FF7B242A565900829871 /* iosApp.app */,
				37FD898728C45EC000B5ABFE /* ParentLoginUITest.xctest */,
			);
			name = Products;
			sourceTree = "<group>";
		};
		7555FF7D242A565900829871 /* iosApp */ = {
			isa = PBXGroup;
			children = (
				058557BA273AAA24004C7B11 /* Assets.xcassets */,
				7555FF8C242A565B00829871 /* Info.plist */,
				2152FB032600AC8F00CF470E /* iOSApp.swift */,
				058557D7273AAEEB004C7B11 /* Preview Content */,
				3759E52A28B39C50000E0419 /* ChildLoginPage.swift */,
				3759E52C28B39C8F000E0419 /* StartPage.swift */,
				3759E52E28B39CC6000E0419 /* ParentLoginPage.swift */,
				2B3B10A628B3BD1F003E24DE /* SignUpPage.swift */,
				37FD897B28C3C1A700B5ABFE /* ChildProfilePage.swift */,
				37FD897D28C3C22E00B5ABFE /* PopUpWindowModifier.swift */,
				37FD897F28C3C27F00B5ABFE /* AssignChorePopUpWindow.swift */,
				37FD898128C3C4A100B5ABFE /* RandomItem.swift */,
				05D24AE828C489170097A7C2 /* SignContractPage.swift */,
				05D24AEA28C489380097A7C2 /* ContractInit.swift */,
				05D24AEC28C489640097A7C2 /* Dashboard.swift */,
			);
			path = iosApp;
			sourceTree = "<group>";
		};
		7555FFB0242A642200829871 /* Frameworks */ = {
			isa = PBXGroup;
			children = (
			);
			name = Frameworks;
			sourceTree = "<group>";
		};
/* End PBXGroup section */

/* Begin PBXNativeTarget section */
		37FD898628C45EC000B5ABFE /* ParentLoginUITest */ = {
			isa = PBXNativeTarget;
			buildConfigurationList = 37FD899128C45EC000B5ABFE /* Build configuration list for PBXNativeTarget "ParentLoginUITest" */;
			buildPhases = (
				37FD898328C45EC000B5ABFE /* Sources */,
				37FD898428C45EC000B5ABFE /* Frameworks */,
				37FD898528C45EC000B5ABFE /* Resources */,
			);
			buildRules = (
			);
			dependencies = (
				37FD898E28C45EC000B5ABFE /* PBXTargetDependency */,
			);
			name = ParentLoginUITest;
			productName = ParentLoginUITest;
			productReference = 37FD898728C45EC000B5ABFE /* ParentLoginUITest.xctest */;
			productType = "com.apple.product-type.bundle.ui-testing";
		};
		7555FF7A242A565900829871 /* iosApp */ = {
			isa = PBXNativeTarget;
			buildConfigurationList = 7555FFA5242A565B00829871 /* Build configuration list for PBXNativeTarget "iosApp" */;
			buildPhases = (
				7555FFB5242A651A00829871 /* ShellScript */,
				7555FF77242A565900829871 /* Sources */,
				7555FF78242A565900829871 /* Frameworks */,
				7555FF79242A565900829871 /* Resources */,
				7555FFB4242A642300829871 /* Embed Frameworks */,
			);
			buildRules = (
			);
			dependencies = (
			);
			name = iosApp;
			productName = iosApp;
			productReference = 7555FF7B242A565900829871 /* iosApp.app */;
			productType = "com.apple.product-type.application";
		};
/* End PBXNativeTarget section */

/* Begin PBXProject section */
		7555FF73242A565900829871 /* Project object */ = {
			isa = PBXProject;
			attributes = {
				LastSwiftUpdateCheck = 1340;
				LastUpgradeCheck = 1130;
				ORGANIZATIONNAME = orgName;
				TargetAttributes = {
					37FD898628C45EC000B5ABFE = {
						CreatedOnToolsVersion = 13.4.1;
						TestTargetID = 7555FF7A242A565900829871;
					};
					7555FF7A242A565900829871 = {
						CreatedOnToolsVersion = 11.3.1;
					};
				};
			};
			buildConfigurationList = 7555FF76242A565900829871 /* Build configuration list for PBXProject "iosApp" */;
			compatibilityVersion = "Xcode 9.3";
			developmentRegion = en;
			hasScannedForEncodings = 0;
			knownRegions = (
				en,
				Base,
			);
			mainGroup = 7555FF72242A565900829871;
			productRefGroup = 7555FF7C242A565900829871 /* Products */;
			projectDirPath = "";
			projectRoot = "";
			targets = (
				7555FF7A242A565900829871 /* iosApp */,
				37FD898628C45EC000B5ABFE /* ParentLoginUITest */,
			);
		};
/* End PBXProject section */

/* Begin PBXResourcesBuildPhase section */
		37FD898528C45EC000B5ABFE /* Resources */ = {
			isa = PBXResourcesBuildPhase;
			buildActionMask = 2147483647;
			files = (
			);
			runOnlyForDeploymentPostprocessing = 0;
		};
		7555FF79242A565900829871 /* Resources */ = {
			isa = PBXResourcesBuildPhase;
			buildActionMask = 2147483647;
			files = (
				058557D9273AAEEB004C7B11 /* Preview Assets.xcassets in Resources */,
				058557BB273AAA24004C7B11 /* Assets.xcassets in Resources */,
				05044BCA28B507EB009C8C0F /* OTALauchScreen.storyboard in Resources */,
			);
			runOnlyForDeploymentPostprocessing = 0;
		};
/* End PBXResourcesBuildPhase section */

/* Begin PBXShellScriptBuildPhase section */
		7555FFB5242A651A00829871 /* ShellScript */ = {
			isa = PBXShellScriptBuildPhase;
			buildActionMask = 2147483647;
			files = (
			);
			inputFileListPaths = (
			);
			inputPaths = (
			);
			outputFileListPaths = (
			);
			outputPaths = (
			);
			runOnlyForDeploymentPostprocessing = 0;
			shellPath = /bin/sh;
			shellScript = "cd \"$SRCROOT/..\"\n./gradlew :shared:embedAndSignAppleFrameworkForXcode\n";
		};
/* End PBXShellScriptBuildPhase section */

/* Begin PBXSourcesBuildPhase section */
		37FD898328C45EC000B5ABFE /* Sources */ = {
			isa = PBXSourcesBuildPhase;
			buildActionMask = 2147483647;
			files = (
				37FD898C28C45EC000B5ABFE /* ParentLoginUITestLaunchTests.swift in Sources */,
				37FD898A28C45EC000B5ABFE /* ParentLoginUITest.swift in Sources */,
			);
			runOnlyForDeploymentPostprocessing = 0;
		};
		7555FF77242A565900829871 /* Sources */ = {
			isa = PBXSourcesBuildPhase;
			buildActionMask = 2147483647;
			files = (
				3759E52F28B39CC6000E0419 /* ParentLoginPage.swift in Sources */,
				05D24AED28C489640097A7C2 /* Dashboard.swift in Sources */,
				2B3B10A728B3BD1F003E24DE /* SignUpPage.swift in Sources */,
				2152FB042600AC8F00CF470E /* iOSApp.swift in Sources */,
				3759E52D28B39C8F000E0419 /* StartPage.swift in Sources */,
				37FD897C28C3C1A700B5ABFE /* ChildProfilePage.swift in Sources */,
				37FD898228C3C4A100B5ABFE /* RandomItem.swift in Sources */,
				3759E52B28B39C50000E0419 /* ChildLoginPage.swift in Sources */,
				2B3B10AB28B7956A003E24DE /* DatePickerTextField.swift in Sources */,
				37FD897E28C3C22E00B5ABFE /* PopUpWindowModifier.swift in Sources */,
				37FD898028C3C27F00B5ABFE /* AssignChorePopUpWindow.swift in Sources */,
				05D24AE928C489170097A7C2 /* SignContractPage.swift in Sources */,
				05D24AEB28C489380097A7C2 /* ContractInit.swift in Sources */,
			);
			runOnlyForDeploymentPostprocessing = 0;
		};
/* End PBXSourcesBuildPhase section */

/* Begin PBXTargetDependency section */
		37FD898E28C45EC000B5ABFE /* PBXTargetDependency */ = {
			isa = PBXTargetDependency;
			target = 7555FF7A242A565900829871 /* iosApp */;
			targetProxy = 37FD898D28C45EC000B5ABFE /* PBXContainerItemProxy */;
		};
/* End PBXTargetDependency section */

/* Begin XCBuildConfiguration section */
		37FD898F28C45EC000B5ABFE /* Debug */ = {
			isa = XCBuildConfiguration;
			buildSettings = {
				CLANG_CXX_LANGUAGE_STANDARD = "gnu++17";
				CODE_SIGN_STYLE = Automatic;
				CURRENT_PROJECT_VERSION = 1;
				DEBUG_INFORMATION_FORMAT = dwarf;
				DEVELOPMENT_TEAM = RJTRULH5D8;
				GENERATE_INFOPLIST_FILE = YES;
				IPHONEOS_DEPLOYMENT_TARGET = 15.5;
				MARKETING_VERSION = 1.0;
				PRODUCT_BUNDLE_IDENTIFIER = Chris.ParentLoginUITest;
				PRODUCT_NAME = "$(TARGET_NAME)";
				SWIFT_EMIT_LOC_STRINGS = NO;
				SWIFT_VERSION = 5.0;
				TARGETED_DEVICE_FAMILY = "1,2";
				TEST_TARGET_NAME = iosApp;
			};
			name = Debug;
		};
		37FD899028C45EC000B5ABFE /* Release */ = {
			isa = XCBuildConfiguration;
			buildSettings = {
				CLANG_CXX_LANGUAGE_STANDARD = "gnu++17";
				CODE_SIGN_STYLE = Automatic;
				CURRENT_PROJECT_VERSION = 1;
				DEVELOPMENT_TEAM = RJTRULH5D8;
				GENERATE_INFOPLIST_FILE = YES;
				IPHONEOS_DEPLOYMENT_TARGET = 15.5;
				MARKETING_VERSION = 1.0;
				PRODUCT_BUNDLE_IDENTIFIER = Chris.ParentLoginUITest;
				PRODUCT_NAME = "$(TARGET_NAME)";
				SWIFT_EMIT_LOC_STRINGS = NO;
				SWIFT_VERSION = 5.0;
				TARGETED_DEVICE_FAMILY = "1,2";
				TEST_TARGET_NAME = iosApp;
			};
			name = Release;
		};
		7555FFA3242A565B00829871 /* Debug */ = {
			isa = XCBuildConfiguration;
			buildSettings = {
				ALWAYS_SEARCH_USER_PATHS = NO;
				CLANG_ANALYZER_NONNULL = YES;
				CLANG_ANALYZER_NUMBER_OBJECT_CONVERSION = YES_AGGRESSIVE;
				CLANG_CXX_LANGUAGE_STANDARD = "gnu++14";
				CLANG_CXX_LIBRARY = "libc++";
				CLANG_ENABLE_MODULES = YES;
				CLANG_ENABLE_OBJC_ARC = YES;
				CLANG_ENABLE_OBJC_WEAK = YES;
				CLANG_WARN_BLOCK_CAPTURE_AUTORELEASING = YES;
				CLANG_WARN_BOOL_CONVERSION = YES;
				CLANG_WARN_COMMA = YES;
				CLANG_WARN_CONSTANT_CONVERSION = YES;
				CLANG_WARN_DEPRECATED_OBJC_IMPLEMENTATIONS = YES;
				CLANG_WARN_DIRECT_OBJC_ISA_USAGE = YES_ERROR;
				CLANG_WARN_DOCUMENTATION_COMMENTS = YES;
				CLANG_WARN_EMPTY_BODY = YES;
				CLANG_WARN_ENUM_CONVERSION = YES;
				CLANG_WARN_INFINITE_RECURSION = YES;
				CLANG_WARN_INT_CONVERSION = YES;
				CLANG_WARN_NON_LITERAL_NULL_CONVERSION = YES;
				CLANG_WARN_OBJC_IMPLICIT_RETAIN_SELF = YES;
				CLANG_WARN_OBJC_LITERAL_CONVERSION = YES;
				CLANG_WARN_OBJC_ROOT_CLASS = YES_ERROR;
				CLANG_WARN_QUOTED_INCLUDE_IN_FRAMEWORK_HEADER = YES;
				CLANG_WARN_RANGE_LOOP_ANALYSIS = YES;
				CLANG_WARN_STRICT_PROTOTYPES = YES;
				CLANG_WARN_SUSPICIOUS_MOVE = YES;
				CLANG_WARN_UNGUARDED_AVAILABILITY = YES_AGGRESSIVE;
				CLANG_WARN_UNREACHABLE_CODE = YES;
				CLANG_WARN__DUPLICATE_METHOD_MATCH = YES;
				COPY_PHASE_STRIP = NO;
				DEBUG_INFORMATION_FORMAT = "dwarf-with-dsym";
				ENABLE_STRICT_OBJC_MSGSEND = YES;
				ENABLE_TESTABILITY = YES;
				GCC_C_LANGUAGE_STANDARD = gnu11;
				GCC_DYNAMIC_NO_PIC = NO;
				GCC_NO_COMMON_BLOCKS = YES;
				GCC_OPTIMIZATION_LEVEL = 0;
				GCC_PREPROCESSOR_DEFINITIONS = (
					"DEBUG=1",
					"$(inherited)",
				);
				GCC_WARN_64_TO_32_BIT_CONVERSION = YES;
				GCC_WARN_ABOUT_RETURN_TYPE = YES_ERROR;
				GCC_WARN_UNDECLARED_SELECTOR = YES;
				GCC_WARN_UNINITIALIZED_AUTOS = YES_AGGRESSIVE;
				GCC_WARN_UNUSED_FUNCTION = YES;
				GCC_WARN_UNUSED_VARIABLE = YES;
				IPHONEOS_DEPLOYMENT_TARGET = 14.1;
				MTL_ENABLE_DEBUG_INFO = INCLUDE_SOURCE;
				MTL_FAST_MATH = YES;
				ONLY_ACTIVE_ARCH = YES;
				SDKROOT = iphoneos;
				SWIFT_ACTIVE_COMPILATION_CONDITIONS = DEBUG;
				SWIFT_OPTIMIZATION_LEVEL = "-Onone";
			};
			name = Debug;
		};
		7555FFA4242A565B00829871 /* Release */ = {
			isa = XCBuildConfiguration;
			buildSettings = {
				ALWAYS_SEARCH_USER_PATHS = NO;
				CLANG_ANALYZER_NONNULL = YES;
				CLANG_ANALYZER_NUMBER_OBJECT_CONVERSION = YES_AGGRESSIVE;
				CLANG_CXX_LANGUAGE_STANDARD = "gnu++14";
				CLANG_CXX_LIBRARY = "libc++";
				CLANG_ENABLE_MODULES = YES;
				CLANG_ENABLE_OBJC_ARC = YES;
				CLANG_ENABLE_OBJC_WEAK = YES;
				CLANG_WARN_BLOCK_CAPTURE_AUTORELEASING = YES;
				CLANG_WARN_BOOL_CONVERSION = YES;
				CLANG_WARN_COMMA = YES;
				CLANG_WARN_CONSTANT_CONVERSION = YES;
				CLANG_WARN_DEPRECATED_OBJC_IMPLEMENTATIONS = YES;
				CLANG_WARN_DIRECT_OBJC_ISA_USAGE = YES_ERROR;
				CLANG_WARN_DOCUMENTATION_COMMENTS = YES;
				CLANG_WARN_EMPTY_BODY = YES;
				CLANG_WARN_ENUM_CONVERSION = YES;
				CLANG_WARN_INFINITE_RECURSION = YES;
				CLANG_WARN_INT_CONVERSION = YES;
				CLANG_WARN_NON_LITERAL_NULL_CONVERSION = YES;
				CLANG_WARN_OBJC_IMPLICIT_RETAIN_SELF = YES;
				CLANG_WARN_OBJC_LITERAL_CONVERSION = YES;
				CLANG_WARN_OBJC_ROOT_CLASS = YES_ERROR;
				CLANG_WARN_QUOTED_INCLUDE_IN_FRAMEWORK_HEADER = YES;
				CLANG_WARN_RANGE_LOOP_ANALYSIS = YES;
				CLANG_WARN_STRICT_PROTOTYPES = YES;
				CLANG_WARN_SUSPICIOUS_MOVE = YES;
				CLANG_WARN_UNGUARDED_AVAILABILITY = YES_AGGRESSIVE;
				CLANG_WARN_UNREACHABLE_CODE = YES;
				CLANG_WARN__DUPLICATE_METHOD_MATCH = YES;
				COPY_PHASE_STRIP = NO;
				DEBUG_INFORMATION_FORMAT = "dwarf-with-dsym";
				ENABLE_NS_ASSERTIONS = NO;
				ENABLE_STRICT_OBJC_MSGSEND = YES;
				GCC_C_LANGUAGE_STANDARD = gnu11;
				GCC_NO_COMMON_BLOCKS = YES;
				GCC_WARN_64_TO_32_BIT_CONVERSION = YES;
				GCC_WARN_ABOUT_RETURN_TYPE = YES_ERROR;
				GCC_WARN_UNDECLARED_SELECTOR = YES;
				GCC_WARN_UNINITIALIZED_AUTOS = YES_AGGRESSIVE;
				GCC_WARN_UNUSED_FUNCTION = YES;
				GCC_WARN_UNUSED_VARIABLE = YES;
				IPHONEOS_DEPLOYMENT_TARGET = 14.1;
				MTL_ENABLE_DEBUG_INFO = NO;
				MTL_FAST_MATH = YES;
				SDKROOT = iphoneos;
				SWIFT_COMPILATION_MODE = wholemodule;
				SWIFT_OPTIMIZATION_LEVEL = "-O";
				VALIDATE_PRODUCT = YES;
			};
			name = Release;
		};
		7555FFA6242A565B00829871 /* Debug */ = {
			isa = XCBuildConfiguration;
			buildSettings = {
				ASSETCATALOG_COMPILER_APPICON_NAME = AppIcon;
				CODE_SIGN_STYLE = Automatic;
				DEVELOPMENT_ASSET_PATHS = "\"iosApp/Preview Content\"";
				ENABLE_PREVIEWS = YES;
				FRAMEWORK_SEARCH_PATHS = "$(SRCROOT)/../shared/build/xcode-frameworks/$(CONFIGURATION)/$(SDK_NAME)";
				INFOPLIST_FILE = iosApp/Info.plist;
				LD_RUNPATH_SEARCH_PATHS = (
					"$(inherited)",
					"@executable_path/Frameworks",
				);
				OTHER_LDFLAGS = (
					"$(inherited)",
					"-framework",
					shared,
				);
				PRODUCT_BUNDLE_IDENTIFIER = orgIdentifier.iosApp;
				PRODUCT_NAME = "$(TARGET_NAME)";
				SWIFT_VERSION = 5.0;
				TARGETED_DEVICE_FAMILY = "1,2";
			};
			name = Debug;
		};
		7555FFA7242A565B00829871 /* Release */ = {
			isa = XCBuildConfiguration;
			buildSettings = {
				ASSETCATALOG_COMPILER_APPICON_NAME = AppIcon;
				CODE_SIGN_STYLE = Automatic;
				DEVELOPMENT_ASSET_PATHS = "\"iosApp/Preview Content\"";
				ENABLE_PREVIEWS = YES;
				FRAMEWORK_SEARCH_PATHS = "$(SRCROOT)/../shared/build/xcode-frameworks/$(CONFIGURATION)/$(SDK_NAME)";
				INFOPLIST_FILE = iosApp/Info.plist;
				LD_RUNPATH_SEARCH_PATHS = (
					"$(inherited)",
					"@executable_path/Frameworks",
				);
				OTHER_LDFLAGS = (
					"$(inherited)",
					"-framework",
					shared,
				);
				PRODUCT_BUNDLE_IDENTIFIER = orgIdentifier.iosApp;
				PRODUCT_NAME = "$(TARGET_NAME)";
				SWIFT_VERSION = 5.0;
				TARGETED_DEVICE_FAMILY = "1,2";
			};
			name = Release;
		};
/* End XCBuildConfiguration section */

/* Begin XCConfigurationList section */
		37FD899128C45EC000B5ABFE /* Build configuration list for PBXNativeTarget "ParentLoginUITest" */ = {
			isa = XCConfigurationList;
			buildConfigurations = (
				37FD898F28C45EC000B5ABFE /* Debug */,
				37FD899028C45EC000B5ABFE /* Release */,
			);
			defaultConfigurationIsVisible = 0;
			defaultConfigurationName = Release;
		};
		7555FF76242A565900829871 /* Build configuration list for PBXProject "iosApp" */ = {
			isa = XCConfigurationList;
			buildConfigurations = (
				7555FFA3242A565B00829871 /* Debug */,
				7555FFA4242A565B00829871 /* Release */,
			);
			defaultConfigurationIsVisible = 0;
			defaultConfigurationName = Release;
		};
		7555FFA5242A565B00829871 /* Build configuration list for PBXNativeTarget "iosApp" */ = {
			isa = XCConfigurationList;
			buildConfigurations = (
				7555FFA6242A565B00829871 /* Debug */,
				7555FFA7242A565B00829871 /* Release */,
			);
			defaultConfigurationIsVisible = 0;
			defaultConfigurationName = Release;
		};
/* End XCConfigurationList section */
	};
	rootObject = 7555FF73242A565900829871 /* Project object */;
}
